
Microsoft Visual Studio Solution File, Format Version 12.00
Project("{FAE04EC0-301F-11D3-BF4B-00C04F79EFBC}") = "IctFinalProject", "IctFinalProject\IctFinalProject.csproj", "{EF3D09A6-585E-44C9-A059-D956026731E8}"
EndProject
Project("{FAE04EC0-301F-11D3-BF4B-00C04F79EFBC}") = "IctFinalProject.Admin", "IctFinalProject.Admin\IctFinalProject.Admin.csproj", "{8163E7AF-10A2-4316-8754-3634EA3C65B2}"
EndProject
Project("{FAE04EC0-301F-11D3-BF4B-00C04F79EFBC}") = "ictFinalProject.WebAdmin", "ictFinalProject.WebAdmin\ictFinalProject.WebAdmin.csproj", "{206919E6-5654-4C81-AF86-8092FCFBBECF}"
EndProject
Project("{FAE04EC0-301F-11D3-BF4B-00C04F79EFBC}") = "IctFinalProject.Models", "IctFinalProject.Models\IctFinalProject.Models.csproj", "{9FC4E7B0-2366-4FB3-AB3C-3E8A3B8B5A5B}"
EndProject
Global
	GlobalSection(SolutionConfigurationPlatforms) = preSolution
		Debug|Any CPU = Debug|Any CPU
		Release|Any CPU = Release|Any CPU
	EndGlobalSection
	GlobalSection(ProjectConfigurationPlatforms) = postSolution
		{EF3D09A6-585E-44C9-A059-D956026731E8}.Debug|Any CPU.ActiveCfg = Debug|Any CPU
		{EF3D09A6-585E-44C9-A059-D956026731E8}.Debug|Any CPU.Build.0 = Debug|Any CPU
		{EF3D09A6-585E-44C9-A059-D956026731E8}.Release|Any CPU.ActiveCfg = Release|Any CPU
		{EF3D09A6-585E-44C9-A059-D956026731E8}.Release|Any CPU.Build.0 = Release|Any CPU
		{8163E7AF-10A2-4316-8754-3634EA3C65B2}.Debug|Any CPU.ActiveCfg = Debug|Any CPU
		{8163E7AF-10A2-4316-8754-3634EA3C65B2}.Debug|Any CPU.Build.0 = Debug|Any CPU
		{8163E7AF-10A2-4316-8754-3634EA3C65B2}.Release|Any CPU.ActiveCfg = Release|Any CPU
		{8163E7AF-10A2-4316-8754-3634EA3C65B2}.Release|Any CPU.Build.0 = Release|Any CPU
		{206919E6-5654-4C81-AF86-8092FCFBBECF}.Debug|Any CPU.ActiveCfg = Debug|Any CPU
		{206919E6-5654-4C81-AF86-8092FCFBBECF}.Debug|Any CPU.Build.0 = Debug|Any CPU
		{206919E6-5654-4C81-AF86-8092FCFBBECF}.Release|Any CPU.ActiveCfg = Release|Any CPU
		{206919E6-5654-4C81-AF86-8092FCFBBECF}.Release|Any CPU.Build.0 = Release|Any CPU
		{9FC4E7B0-2366-4FB3-AB3C-3E8A3B8B5A5B}.Debug|Any CPU.ActiveCfg = Debug|Any CPU
		{9FC4E7B0-2366-4FB3-AB3C-3E8A3B8B5A5B}.Debug|Any CPU.Build.0 = Debug|Any CPU
		{9FC4E7B0-2366-4FB3-AB3C-3E8A3B8B5A5B}.Release|Any CPU.ActiveCfg = Release|Any CPU
		{9FC4E7B0-2366-4FB3-AB3C-3E8A3B8B5A5B}.Release|Any CPU.Build.0 = Release|Any CPU
	EndGlobalSection
EndGlobal
